// !$*UTF8*$!
{
	archiveVersion = 1;
	classes = {
	};
	objectVersion = 50;
	objects = {

/* Begin PBXBuildFile section */
		A66ACDC823E3425600CABA20 /* AppDelegate.swift in Sources */ = {isa = PBXBuildFile; fileRef = A66ACDC723E3425600CABA20 /* AppDelegate.swift */; };
		A66ACDCA23E3425600CABA20 /* SceneDelegate.swift in Sources */ = {isa = PBXBuildFile; fileRef = A66ACDC923E3425600CABA20 /* SceneDelegate.swift */; };
		A66ACDCC23E3425600CABA20 /* ViewController.swift in Sources */ = {isa = PBXBuildFile; fileRef = A66ACDCB23E3425600CABA20 /* ViewController.swift */; };
		A66ACDCF23E3425600CABA20 /* Main.storyboard in Resources */ = {isa = PBXBuildFile; fileRef = A66ACDCD23E3425600CABA20 /* Main.storyboard */; };
		A66ACDD123E3425800CABA20 /* Assets.xcassets in Resources */ = {isa = PBXBuildFile; fileRef = A66ACDD023E3425800CABA20 /* Assets.xcassets */; };
		A66ACDD423E3425800CABA20 /* LaunchScreen.storyboard in Resources */ = {isa = PBXBuildFile; fileRef = A66ACDD223E3425800CABA20 /* LaunchScreen.storyboard */; };
		A66ACDDF23E3425800CABA20 /* In_Class_ImagesTests.swift in Sources */ = {isa = PBXBuildFile; fileRef = A66ACDDE23E3425800CABA20 /* In_Class_ImagesTests.swift */; };
		A66ACDEA23E3425800CABA20 /* In_Class_ImagesUITests.swift in Sources */ = {isa = PBXBuildFile; fileRef = A66ACDE923E3425800CABA20 /* In_Class_ImagesUITests.swift */; };
/* End PBXBuildFile section */

/* Begin PBXContainerItemProxy section */
		A66ACDDB23E3425800CABA20 /* PBXContainerItemProxy */ = {
			isa = PBXContainerItemProxy;
			containerPortal = A66ACDBC23E3425600CABA20 /* Project object */;
			proxyType = 1;
			remoteGlobalIDString = A66ACDC323E3425600CABA20;
			remoteInfo = "In Class Images";
		};
		A66ACDE623E3425800CABA20 /* PBXContainerItemProxy */ = {
			isa = PBXContainerItemProxy;
			containerPortal = A66ACDBC23E3425600CABA20 /* Project object */;
			proxyType = 1;
			remoteGlobalIDString = A66ACDC323E3425600CABA20;
			remoteInfo = "In Class Images";
		};
/* End PBXContainerItemProxy section */

/* Begin PBXFileReference section */
		A66ACDC423E3425600CABA20 /* In Class Images.app */ = {isa = PBXFileReference; explicitFileType = wrapper.application; includeInIndex = 0; path = "In Class Images.app"; sourceTree = BUILT_PRODUCTS_DIR; };
		A66ACDC723E3425600CABA20 /* AppDelegate.swift */ = {isa = PBXFileReference; lastKnownFileType = sourcecode.swift; path = AppDelegate.swift; sourceTree = "<group>"; };
		A66ACDC923E3425600CABA20 /* SceneDelegate.swift */ = {isa = PBXFileReference; lastKnownFileType = sourcecode.swift; path = SceneDelegate.swift; sourceTree = "<group>"; };
		A66ACDCB23E3425600CABA20 /* ViewController.swift */ = {isa = PBXFileReference; lastKnownFileType = sourcecode.swift; path = ViewController.swift; sourceTree = "<group>"; };
		A66ACDCE23E3425600CABA20 /* Base */ = {isa = PBXFileReference; lastKnownFileType = file.storyboard; name = Base; path = Base.lproj/Main.storyboard; sourceTree = "<group>"; };
		A66ACDD023E3425800CABA20 /* Assets.xcassets */ = {isa = PBXFileReference; lastKnownFileType = folder.assetcatalog; path = Assets.xcassets; sourceTree = "<group>"; };
		A66ACDD323E3425800CABA20 /* Base */ = {isa = PBXFileReference; lastKnownFileType = file.storyboard; name = Base; path = Base.lproj/LaunchScreen.storyboard; sourceTree = "<group>"; };
		A66ACDD523E3425800CABA20 /* Info.plist */ = {isa = PBXFileReference; lastKnownFileType = text.plist.xml; path = Info.plist; sourceTree = "<group>"; };
		A66ACDDA23E3425800CABA20 /* In Class ImagesTests.xctest */ = {isa = PBXFileReference; explicitFileType = wrapper.cfbundle; includeInIndex = 0; path = "In Class ImagesTests.xctest"; sourceTree = BUILT_PRODUCTS_DIR; };
		A66ACDDE23E3425800CABA20 /* In_Class_ImagesTests.swift */ = {isa = PBXFileReference; lastKnownFileType = sourcecode.swift; path = In_Class_ImagesTests.swift; sourceTree = "<group>"; };
		A66ACDE023E3425800CABA20 /* Info.plist */ = {isa = PBXFileReference; lastKnownFileType = text.plist.xml; path = Info.plist; sourceTree = "<group>"; };
		A66ACDE523E3425800CABA20 /* In Class ImagesUITests.xctest */ = {isa = PBXFileReference; explicitFileType = wrapper.cfbundle; includeInIndex = 0; path = "In Class ImagesUITests.xctest"; sourceTree = BUILT_PRODUCTS_DIR; };
		A66ACDE923E3425800CABA20 /* In_Class_ImagesUITests.swift */ = {isa = PBXFileReference; lastKnownFileType = sourcecode.swift; path = In_Class_ImagesUITests.swift; sourceTree = "<group>"; };
		A66ACDEB23E3425800CABA20 /* Info.plist */ = {isa = PBXFileReference; lastKnownFileType = text.plist.xml; path = Info.plist; sourceTree = "<group>"; };
/* End PBXFileReference section */

/* Begin PBXFrameworksBuildPhase section */
		A66ACDC123E3425600CABA20 /* Frameworks */ = {
			isa = PBXFrameworksBuildPhase;
			buildActionMask = 2147483647;
			files = (
			);
			runOnlyForDeploymentPostprocessing = 0;
		};
		A66ACDD723E3425800CABA20 /* Frameworks */ = {
			isa = PBXFrameworksBuildPhase;
			buildActionMask = 2147483647;
			files = (
			);
			runOnlyForDeploymentPostprocessing = 0;
		};
		A66ACDE223E3425800CABA20 /* Frameworks */ = {
			isa = PBXFrameworksBuildPhase;
			buildActionMask = 2147483647;
			files = (
			);
			runOnlyForDeploymentPostprocessing = 0;
		};
/* End PBXFrameworksBuildPhase section */

/* Begin PBXGroup section */
		A66ACDBB23E3425600CABA20 = {
			isa = PBXGroup;
			children = (
				A66ACDC623E3425600CABA20 /* In Class Images */,
				A66ACDDD23E3425800CABA20 /* In Class ImagesTests */,
				A66ACDE823E3425800CABA20 /* In Class ImagesUITests */,
				A66ACDC523E3425600CABA20 /* Products */,
			);
			sourceTree = "<group>";
		};
		A66ACDC523E3425600CABA20 /* Products */ = {
			isa = PBXGroup;
			children = (
				A66ACDC423E3425600CABA20 /* In Class Images.app */,
				A66ACDDA23E3425800CABA20 /* In Class ImagesTests.xctest */,
				A66ACDE523E3425800CABA20 /* In Class ImagesUITests.xctest */,
			);
			name = Products;
			sourceTree = "<group>";
		};
		A66ACDC623E3425600CABA20 /* In Class Images */ = {
			isa = PBXGroup;
			children = (
				A66ACDC723E3425600CABA20 /* AppDelegate.swift */,
				A66ACDC923E3425600CABA20 /* SceneDelegate.swift */,
				A66ACDCB23E3425600CABA20 /* ViewController.swift */,
				A66ACDCD23E3425600CABA20 /* Main.storyboard */,
				A66ACDD023E3425800CABA20 /* Assets.xcassets */,
				A66ACDD223E3425800CABA20 /* LaunchScreen.storyboard */,
				A66ACDD523E3425800CABA20 /* Info.plist */,
			);
			path = "In Class Images";
			sourceTree = "<group>";
		};
		A66ACDDD23E3425800CABA20 /* In Class ImagesTests */ = {
			isa = PBXGroup;
			children = (
				A66ACDDE23E3425800CABA20 /* In_Class_ImagesTests.swift */,
				A66ACDE023E3425800CABA20 /* Info.plist */,
			);
			path = "In Class ImagesTests";
			sourceTree = "<group>";
		};
		A66ACDE823E3425800CABA20 /* In Class ImagesUITests */ = {
			isa = PBXGroup;
			children = (
				A66ACDE923E3425800CABA20 /* In_Class_ImagesUITests.swift */,
				A66ACDEB23E3425800CABA20 /* Info.plist */,
			);
			path = "In Class ImagesUITests";
			sourceTree = "<group>";
		};
/* End PBXGroup section */

/* Begin PBXNativeTarget section */
		A66ACDC323E3425600CABA20 /* In Class Images */ = {
			isa = PBXNativeTarget;
			buildConfigurationList = A66ACDEE23E3425800CABA20 /* Build configuration list for PBXNativeTarget "In Class Images" */;
			buildPhases = (
				A66ACDC023E3425600CABA20 /* Sources */,
				A66ACDC123E3425600CABA20 /* Frameworks */,
				A66ACDC223E3425600CABA20 /* Resources */,
			);
			buildRules = (
			);
			dependencies = (
			);
			name = "In Class Images";
			productName = "In Class Images";
			productReference = A66ACDC423E3425600CABA20 /* In Class Images.app */;
			productType = "com.apple.product-type.application";
		};
		A66ACDD923E3425800CABA20 /* In Class ImagesTests */ = {
			isa = PBXNativeTarget;
			buildConfigurationList = A66ACDF123E3425800CABA20 /* Build configuration list for PBXNativeTarget "In Class ImagesTests" */;
			buildPhases = (
				A66ACDD623E3425800CABA20 /* Sources */,
				A66ACDD723E3425800CABA20 /* Frameworks */,
				A66ACDD823E3425800CABA20 /* Resources */,
			);
			buildRules = (
			);
			dependencies = (
				A66ACDDC23E3425800CABA20 /* PBXTargetDependency */,
			);
			name = "In Class ImagesTests";
			productName = "In Class ImagesTests";
			productReference = A66ACDDA23E3425800CABA20 /* In Class ImagesTests.xctest */;
			productType = "com.apple.product-type.bundle.unit-test";
		};
		A66ACDE423E3425800CABA20 /* In Class ImagesUITests */ = {
			isa = PBXNativeTarget;
			buildConfigurationList = A66ACDF423E3425800CABA20 /* Build configuration list for PBXNativeTarget "In Class ImagesUITests" */;
			buildPhases = (
				A66ACDE123E3425800CABA20 /* Sources */,
				A66ACDE223E3425800CABA20 /* Frameworks */,
				A66ACDE323E3425800CABA20 /* Resources */,
			);
			buildRules = (
			);
			dependencies = (
				A66ACDE723E3425800CABA20 /* PBXTargetDependency */,
			);
			name = "In Class ImagesUITests";
			productName = "In Class ImagesUITests";
			productReference = A66ACDE523E3425800CABA20 /* In Class ImagesUITests.xctest */;
			productType = "com.apple.product-type.bundle.ui-testing";
		};
/* End PBXNativeTarget section */

/* Begin PBXProject section */
		A66ACDBC23E3425600CABA20 /* Project object */ = {
			isa = PBXProject;
			attributes = {
				LastSwiftUpdateCheck = 1130;
				LastUpgradeCheck = 1130;
				ORGANIZATIONNAME = "Bandon Kline";
				TargetAttributes = {
					A66ACDC323E3425600CABA20 = {
						CreatedOnToolsVersion = 11.3.1;
					};
					A66ACDD923E3425800CABA20 = {
						CreatedOnToolsVersion = 11.3.1;
						TestTargetID = A66ACDC323E3425600CABA20;
					};
					A66ACDE423E3425800CABA20 = {
						CreatedOnToolsVersion = 11.3.1;
						TestTargetID = A66ACDC323E3425600CABA20;
					};
				};
			};
			buildConfigurationList = A66ACDBF23E3425600CABA20 /* Build configuration list for PBXProject "In Class Images" */;
			compatibilityVersion = "Xcode 9.3";
			developmentRegion = en;
			hasScannedForEncodings = 0;
			knownRegions = (
				en,
				Base,
			);
			mainGroup = A66ACDBB23E3425600CABA20;
			productRefGroup = A66ACDC523E3425600CABA20 /* Products */;
			projectDirPath = "";
			projectRoot = "";
			targets = (
				A66ACDC323E3425600CABA20 /* In Class Images */,
				A66ACDD923E3425800CABA20 /* In Class ImagesTests */,
				A66ACDE423E3425800CABA20 /* In Class ImagesUITests */,
			);
		};
/* End PBXProject section */

/* Begin PBXResourcesBuildPhase section */
		A66ACDC223E3425600CABA20 /* Resources */ = {
			isa = PBXResourcesBuildPhase;
			buildActionMask = 2147483647;
			files = (
				A66ACDD423E3425800CABA20 /* LaunchScreen.storyboard in Resources */,
				A66ACDD123E3425800CABA20 /* Assets.xcassets in Resources */,
				A66ACDCF23E3425600CABA20 /* Main.storyboard in Resources */,
			);
			runOnlyForDeploymentPostprocessing = 0;
		};
		A66ACDD823E3425800CABA20 /* Resources */ = {
			isa = PBXResourcesBuildPhase;
			buildActionMask = 2147483647;
			files = (
			);
			runOnlyForDeploymentPostprocessing = 0;
		};
		A66ACDE323E3425800CABA20 /* Resources */ = {
			isa = PBXResourcesBuildPhase;
			buildActionMask = 2147483647;
			files = (
			);
			runOnlyForDeploymentPostprocessing = 0;
		};
/* End PBXResourcesBuildPhase section */

/* Begin PBXSourcesBuildPhase section */
		A66ACDC023E3425600CABA20 /* Sources */ = {
			isa = PBXSourcesBuildPhase;
			buildActionMask = 2147483647;
			files = (
				A66ACDCC23E3425600CABA20 /* ViewController.swift in Sources */,
				A66ACDC823E3425600CABA20 /* AppDelegate.swift in Sources */,
				A66ACDCA23E3425600CABA20 /* SceneDelegate.swift in Sources */,
			);
			runOnlyForDeploymentPostprocessing = 0;
		};
		A66ACDD623E3425800CABA20 /* Sources */ = {
			isa = PBXSourcesBuildPhase;
			buildActionMask = 2147483647;
			files = (
				A66ACDDF23E3425800CABA20 /* In_Class_ImagesTests.swift in Sources */,
			);
			runOnlyForDeploymentPostprocessing = 0;
		};
		A66ACDE123E3425800CABA20 /* Sources */ = {
			isa = PBXSourcesBuildPhase;
			buildActionMask = 2147483647;
			files = (
				A66ACDEA23E3425800CABA20 /* In_Class_ImagesUITests.swift in Sources */,
			);
			runOnlyForDeploymentPostprocessing = 0;
		};
/* End PBXSourcesBuildPhase section */

/* Begin PBXTargetDependency section */
		A66ACDDC23E3425800CABA20 /* PBXTargetDependency */ = {
			isa = PBXTargetDependency;
			target = A66ACDC323E3425600CABA20 /* In Class Images */;
			targetProxy = A66ACDDB23E3425800CABA20 /* PBXContainerItemProxy */;
		};
		A66ACDE723E3425800CABA20 /* PBXTargetDependency */ = {
			isa = PBXTargetDependency;
			target = A66ACDC323E3425600CABA20 /* In Class Images */;
			targetProxy = A66ACDE623E3425800CABA20 /* PBXContainerItemProxy */;
		};
/* End PBXTargetDependency section */

/* Begin PBXVariantGroup section */
		A66ACDCD23E3425600CABA20 /* Main.storyboard */ = {
			isa = PBXVariantGroup;
			children = (
				A66ACDCE23E3425600CABA20 /* Base */,
			);
			name = Main.storyboard;
			sourceTree = "<group>";
		};
		A66ACDD223E3425800CABA20 /* LaunchScreen.storyboard */ = {
			isa = PBXVariantGroup;
			children = (
				A66ACDD323E3425800CABA20 /* Base */,
			);
			name = LaunchScreen.storyboard;
			sourceTree = "<group>";
		};
/* End PBXVariantGroup section */

/* Begin XCBuildConfiguration section */
		A66ACDEC23E3425800CABA20 /* Debug */ = {
			isa = XCBuildConfiguration;
			buildSettings = {
				ALWAYS_SEARCH_USER_PATHS = NO;
				CLANG_ANALYZER_NONNULL = YES;
				CLANG_ANALYZER_NUMBER_OBJECT_CONVERSION = YES_AGGRESSIVE;
				CLANG_CXX_LANGUAGE_STANDARD = "gnu++14";
				CLANG_CXX_LIBRARY = "libc++";
				CLANG_ENABLE_MODULES = YES;
				CLANG_ENABLE_OBJC_ARC = YES;
				CLANG_ENABLE_OBJC_WEAK = YES;
				CLANG_WARN_BLOCK_CAPTURE_AUTORELEASING = YES;
				CLANG_WARN_BOOL_CONVERSION = YES;
				CLANG_WARN_COMMA = YES;
				CLANG_WARN_CONSTANT_CONVERSION = YES;
				CLANG_WARN_DEPRECATED_OBJC_IMPLEMENTATIONS = YES;
				CLANG_WARN_DIRECT_OBJC_ISA_USAGE = YES_ERROR;
				CLANG_WARN_DOCUMENTATION_COMMENTS = YES;
				CLANG_WARN_EMPTY_BODY = YES;
				CLANG_WARN_ENUM_CONVERSION = YES;
				CLANG_WARN_INFINITE_RECURSION = YES;
				CLANG_WARN_INT_CONVERSION = YES;
				CLANG_WARN_NON_LITERAL_NULL_CONVERSION = YES;
				CLANG_WARN_OBJC_IMPLICIT_RETAIN_SELF = YES;
				CLANG_WARN_OBJC_LITERAL_CONVERSION = YES;
				CLANG_WARN_OBJC_ROOT_CLASS = YES_ERROR;
				CLANG_WARN_RANGE_LOOP_ANALYSIS = YES;
				CLANG_WARN_STRICT_PROTOTYPES = YES;
				CLANG_WARN_SUSPICIOUS_MOVE = YES;
				CLANG_WARN_UNGUARDED_AVAILABILITY = YES_AGGRESSIVE;
				CLANG_WARN_UNREACHABLE_CODE = YES;
				CLANG_WARN__DUPLICATE_METHOD_MATCH = YES;
				COPY_PHASE_STRIP = NO;
				DEBUG_INFORMATION_FORMAT = dwarf;
				ENABLE_STRICT_OBJC_MSGSEND = YES;
				ENABLE_TESTABILITY = YES;
				GCC_C_LANGUAGE_STANDARD = gnu11;
				GCC_DYNAMIC_NO_PIC = NO;
				GCC_NO_COMMON_BLOCKS = YES;
				GCC_OPTIMIZATION_LEVEL = 0;
				GCC_PREPROCESSOR_DEFINITIONS = (
					"DEBUG=1",
					"$(inherited)",
				);
				GCC_WARN_64_TO_32_BIT_CONVERSION = YES;
				GCC_WARN_ABOUT_RETURN_TYPE = YES_ERROR;
				GCC_WARN_UNDECLARED_SELECTOR = YES;
				GCC_WARN_UNINITIALIZED_AUTOS = YES_AGGRESSIVE;
				GCC_WARN_UNUSED_FUNCTION = YES;
				GCC_WARN_UNUSED_VARIABLE = YES;
				IPHONEOS_DEPLOYMENT_TARGET = 13.2;
				MTL_ENABLE_DEBUG_INFO = INCLUDE_SOURCE;
				MTL_FAST_MATH = YES;
				ONLY_ACTIVE_ARCH = YES;
				SDKROOT = iphoneos;
				SWIFT_ACTIVE_COMPILATION_CONDITIONS = DEBUG;
				SWIFT_OPTIMIZATION_LEVEL = "-Onone";
			};
			name = Debug;
		};
		A66ACDED23E3425800CABA20 /* Release */ = {
			isa = XCBuildConfiguration;
			buildSettings = {
				ALWAYS_SEARCH_USER_PATHS = NO;
				CLANG_ANALYZER_NONNULL = YES;
				CLANG_ANALYZER_NUMBER_OBJECT_CONVERSION = YES_AGGRESSIVE;
				CLANG_CXX_LANGUAGE_STANDARD = "gnu++14";
				CLANG_CXX_LIBRARY = "libc++";
				CLANG_ENABLE_MODULES = YES;
				CLANG_ENABLE_OBJC_ARC = YES;
				CLANG_ENABLE_OBJC_WEAK = YES;
				CLANG_WARN_BLOCK_CAPTURE_AUTORELEASING = YES;
				CLANG_WARN_BOOL_CONVERSION = YES;
				CLANG_WARN_COMMA = YES;
				CLANG_WARN_CONSTANT_CONVERSION = YES;
				CLANG_WARN_DEPRECATED_OBJC_IMPLEMENTATIONS = YES;
				CLANG_WARN_DIRECT_OBJC_ISA_USAGE = YES_ERROR;
				CLANG_WARN_DOCUMENTATION_COMMENTS = YES;
				CLANG_WARN_EMPTY_BODY = YES;
				CLANG_WARN_ENUM_CONVERSION = YES;
				CLANG_WARN_INFINITE_RECURSION = YES;
				CLANG_WARN_INT_CONVERSION = YES;
				CLANG_WARN_NON_LITERAL_NULL_CONVERSION = YES;
				CLANG_WARN_OBJC_IMPLICIT_RETAIN_SELF = YES;
				CLANG_WARN_OBJC_LITERAL_CONVERSION = YES;
				CLANG_WARN_OBJC_ROOT_CLASS = YES_ERROR;
				CLANG_WARN_RANGE_LOOP_ANALYSIS = YES;
				CLANG_WARN_STRICT_PROTOTYPES = YES;
				CLANG_WARN_SUSPICIOUS_MOVE = YES;
				CLANG_WARN_UNGUARDED_AVAILABILITY = YES_AGGRESSIVE;
				CLANG_WARN_UNREACHABLE_CODE = YES;
				CLANG_WARN__DUPLICATE_METHOD_MATCH = YES;
				COPY_PHASE_STRIP = NO;
				DEBUG_INFORMATION_FORMAT = "dwarf-with-dsym";
				ENABLE_NS_ASSERTIONS = NO;
				ENABLE_STRICT_OBJC_MSGSEND = YES;
				GCC_C_LANGUAGE_STANDARD = gnu11;
				GCC_NO_COMMON_BLOCKS = YES;
				GCC_WARN_64_TO_32_BIT_CONVERSION = YES;
				GCC_WARN_ABOUT_RETURN_TYPE = YES_ERROR;
				GCC_WARN_UNDECLARED_SELECTOR = YES;
				GCC_WARN_UNINITIALIZED_AUTOS = YES_AGGRESSIVE;
				GCC_WARN_UNUSED_FUNCTION = YES;
				GCC_WARN_UNUSED_VARIABLE = YES;
				IPHONEOS_DEPLOYMENT_TARGET = 13.2;
				MTL_ENABLE_DEBUG_INFO = NO;
				MTL_FAST_MATH = YES;
				SDKROOT = iphoneos;
				SWIFT_COMPILATION_MODE = wholemodule;
				SWIFT_OPTIMIZATION_LEVEL = "-O";
				VALIDATE_PRODUCT = YES;
			};
			name = Release;
		};
		A66ACDEF23E3425800CABA20 /* Debug */ = {
			isa = XCBuildConfiguration;
			buildSettings = {
				ASSETCATALOG_COMPILER_APPICON_NAME = AppIcon;
				CODE_SIGN_STYLE = Automatic;
				DEVELOPMENT_TEAM = 94WUSM4X62;
				INFOPLIST_FILE = "In Class Images/Info.plist";
				LD_RUNPATH_SEARCH_PATHS = (
					"$(inherited)",
					"@executable_path/Frameworks",
				);
				PRODUCT_BUNDLE_IDENTIFIER = "BrandonKline.In-Class-Images";
				PRODUCT_NAME = "$(TARGET_NAME)";
				SWIFT_VERSION = 5.0;
				TARGETED_DEVICE_FAMILY = "1,2";
			};
			name = Debug;
		};
		A66ACDF023E3425800CABA20 /* Release */ = {
			isa = XCBuildConfiguration;
			buildSettings = {
				ASSETCATALOG_COMPILER_APPICON_NAME = AppIcon;
				CODE_SIGN_STYLE = Automatic;
				DEVELOPMENT_TEAM = 94WUSM4X62;
				INFOPLIST_FILE = "In Class Images/Info.plist";
				LD_RUNPATH_SEARCH_PATHS = (
					"$(inherited)",
					"@executable_path/Frameworks",
				);
				PRODUCT_BUNDLE_IDENTIFIER = "BrandonKline.In-Class-Images";
				PRODUCT_NAME = "$(TARGET_NAME)";
				SWIFT_VERSION = 5.0;
				TARGETED_DEVICE_FAMILY = "1,2";
			};
			name = Release;
		};
		A66ACDF223E3425800CABA20 /* Debug */ = {
			isa = XCBuildConfiguration;
			buildSettings = {
				ALWAYS_EMBED_SWIFT_STANDARD_LIBRARIES = YES;
				BUNDLE_LOADER = "$(TEST_HOST)";
				CODE_SIGN_STYLE = Automatic;
				DEVELOPMENT_TEAM = 94WUSM4X62;
				INFOPLIST_FILE = "In Class ImagesTests/Info.plist";
				IPHONEOS_DEPLOYMENT_TARGET = 13.2;
				LD_RUNPATH_SEARCH_PATHS = (
					"$(inherited)",
					"@executable_path/Frameworks",
					"@loader_path/Frameworks",
				);
				PRODUCT_BUNDLE_IDENTIFIER = "BrandonKline.In-Class-ImagesTests";
				PRODUCT_NAME = "$(TARGET_NAME)";
				SWIFT_VERSION = 5.0;
				TARGETED_DEVICE_FAMILY = "1,2";
				TEST_HOST = "$(BUILT_PRODUCTS_DIR)/In Class Images.app/In Class Images";
			};
			name = Debug;
		};
		A66ACDF323E3425800CABA20 /* Release */ = {
			isa = XCBuildConfiguration;
			buildSettings = {
				ALWAYS_EMBED_SWIFT_STANDARD_LIBRARIES = YES;
				BUNDLE_LOADER = "$(TEST_HOST)";
				CODE_SIGN_STYLE = Automatic;
				DEVELOPMENT_TEAM = 94WUSM4X62;
				INFOPLIST_FILE = "In Class ImagesTests/Info.plist";
				IPHONEOS_DEPLOYMENT_TARGET = 13.2;
				LD_RUNPATH_SEARCH_PATHS = (
					"$(inherited)",
					"@executable_path/Frameworks",
					"@loader_path/Frameworks",
				);
				PRODUCT_BUNDLE_IDENTIFIER = "BrandonKline.In-Class-ImagesTests";
				PRODUCT_NAME = "$(TARGET_NAME)";
				SWIFT_VERSION = 5.0;
				TARGETED_DEVICE_FAMILY = "1,2";
				TEST_HOST = "$(BUILT_PRODUCTS_DIR)/In Class Images.app/In Class Images";
			};
			name = Release;
		};
		A66ACDF523E3425800CABA20 /* Debug */ = {
			isa = XCBuildConfiguration;
			buildSettings = {
				ALWAYS_EMBED_SWIFT_STANDARD_LIBRARIES = YES;
				CODE_SIGN_STYLE = Automatic;
				DEVELOPMENT_TEAM = 94WUSM4X62;
				INFOPLIST_FILE = "In Class ImagesUITests/Info.plist";
				LD_RUNPATH_SEARCH_PATHS = (
					"$(inherited)",
					"@executable_path/Frameworks",
					"@loader_path/Frameworks",
				);
				PRODUCT_BUNDLE_IDENTIFIER = "BrandonKline.In-Class-ImagesUITests";
				PRODUCT_NAME = "$(TARGET_NAME)";
				SWIFT_VERSION = 5.0;
				TARGETED_DEVICE_FAMILY = "1,2";
				TEST_TARGET_NAME = "In Class Images";
			};
			name = Debug;
		};
		A66ACDF623E3425800CABA20 /* Release */ = {
			isa = XCBuildConfiguration;
			buildSettings = {
				ALWAYS_EMBED_SWIFT_STANDARD_LIBRARIES = YES;
				CODE_SIGN_STYLE = Automatic;
				DEVELOPMENT_TEAM = 94WUSM4X62;
				INFOPLIST_FILE = "In Class ImagesUITests/Info.plist";
				LD_RUNPATH_SEARCH_PATHS = (
					"$(inherited)",
					"@executable_path/Frameworks",
					"@loader_path/Frameworks",
				);
				PRODUCT_BUNDLE_IDENTIFIER = "BrandonKline.In-Class-ImagesUITests";
				PRODUCT_NAME = "$(TARGET_NAME)";
				SWIFT_VERSION = 5.0;
				TARGETED_DEVICE_FAMILY = "1,2";
				TEST_TARGET_NAME = "In Class Images";
			};
			name = Release;
		};
/* End XCBuildConfiguration section */

/* Begin XCConfigurationList section */
		A66ACDBF23E3425600CABA20 /* Build configuration list for PBXProject "In Class Images" */ = {
			isa = XCConfigurationList;
			buildConfigurations = (
				A66ACDEC23E3425800CABA20 /* Debug */,
				A66ACDED23E3425800CABA20 /* Release */,
			);
			defaultConfigurationIsVisible = 0;
			defaultConfigurationName = Release;
		};
		A66ACDEE23E3425800CABA20 /* Build configuration list for PBXNativeTarget "In Class Images" */ = {
			isa = XCConfigurationList;
			buildConfigurations = (
				A66ACDEF23E3425800CABA20 /* Debug */,
				A66ACDF023E3425800CABA20 /* Release */,
			);
			defaultConfigurationIsVisible = 0;
			defaultConfigurationName = Release;
		};
		A66ACDF123E3425800CABA20 /* Build configuration list for PBXNativeTarget "In Class ImagesTests" */ = {
			isa = XCConfigurationList;
			buildConfigurations = (
				A66ACDF223E3425800CABA20 /* Debug */,
				A66ACDF323E3425800CABA20 /* Release */,
			);
			defaultConfigurationIsVisible = 0;
			defaultConfigurationName = Release;
		};
		A66ACDF423E3425800CABA20 /* Build configuration list for PBXNativeTarget "In Class ImagesUITests" */ = {
			isa = XCConfigurationList;
			buildConfigurations = (
				A66ACDF523E3425800CABA20 /* Debug */,
				A66ACDF623E3425800CABA20 /* Release */,
			);
			defaultConfigurationIsVisible = 0;
			defaultConfigurationName = Release;
		};
/* End XCConfigurationList section */
	};
	rootObject = A66ACDBC23E3425600CABA20 /* Project object */;
}
