// !$*UTF8*$!
{
	archiveVersion = 1;
	classes = {
	};
	objectVersion = 50;
	objects = {

/* Begin PBXBuildFile section */
		A6A1E18E23DA0C3600D39905 /* AppDelegate.swift in Sources */ = {isa = PBXBuildFile; fileRef = A6A1E18D23DA0C3600D39905 /* AppDelegate.swift */; };
		A6A1E19023DA0C3600D39905 /* SceneDelegate.swift in Sources */ = {isa = PBXBuildFile; fileRef = A6A1E18F23DA0C3600D39905 /* SceneDelegate.swift */; };
		A6A1E19223DA0C3600D39905 /* ContentView.swift in Sources */ = {isa = PBXBuildFile; fileRef = A6A1E19123DA0C3600D39905 /* ContentView.swift */; };
		A6A1E19423DA0C3700D39905 /* Assets.xcassets in Resources */ = {isa = PBXBuildFile; fileRef = A6A1E19323DA0C3700D39905 /* Assets.xcassets */; };
		A6A1E19723DA0C3700D39905 /* Preview Assets.xcassets in Resources */ = {isa = PBXBuildFile; fileRef = A6A1E19623DA0C3700D39905 /* Preview Assets.xcassets */; };
		A6A1E19A23DA0C3700D39905 /* LaunchScreen.storyboard in Resources */ = {isa = PBXBuildFile; fileRef = A6A1E19823DA0C3700D39905 /* LaunchScreen.storyboard */; };
		A6A1E1A523DA0C3800D39905 /* In_Class_HWTests.swift in Sources */ = {isa = PBXBuildFile; fileRef = A6A1E1A423DA0C3800D39905 /* In_Class_HWTests.swift */; };
		A6A1E1B023DA0C3800D39905 /* In_Class_HWUITests.swift in Sources */ = {isa = PBXBuildFile; fileRef = A6A1E1AF23DA0C3800D39905 /* In_Class_HWUITests.swift */; };
/* End PBXBuildFile section */

/* Begin PBXContainerItemProxy section */
		A6A1E1A123DA0C3800D39905 /* PBXContainerItemProxy */ = {
			isa = PBXContainerItemProxy;
			containerPortal = A6A1E18223DA0C3500D39905 /* Project object */;
			proxyType = 1;
			remoteGlobalIDString = A6A1E18923DA0C3600D39905;
			remoteInfo = "In Class HW";
		};
		A6A1E1AC23DA0C3800D39905 /* PBXContainerItemProxy */ = {
			isa = PBXContainerItemProxy;
			containerPortal = A6A1E18223DA0C3500D39905 /* Project object */;
			proxyType = 1;
			remoteGlobalIDString = A6A1E18923DA0C3600D39905;
			remoteInfo = "In Class HW";
		};
/* End PBXContainerItemProxy section */

/* Begin PBXFileReference section */
		A6A1E18A23DA0C3600D39905 /* In Class HW.app */ = {isa = PBXFileReference; explicitFileType = wrapper.application; includeInIndex = 0; path = "In Class HW.app"; sourceTree = BUILT_PRODUCTS_DIR; };
		A6A1E18D23DA0C3600D39905 /* AppDelegate.swift */ = {isa = PBXFileReference; lastKnownFileType = sourcecode.swift; path = AppDelegate.swift; sourceTree = "<group>"; };
		A6A1E18F23DA0C3600D39905 /* SceneDelegate.swift */ = {isa = PBXFileReference; lastKnownFileType = sourcecode.swift; path = SceneDelegate.swift; sourceTree = "<group>"; };
		A6A1E19123DA0C3600D39905 /* ContentView.swift */ = {isa = PBXFileReference; lastKnownFileType = sourcecode.swift; path = ContentView.swift; sourceTree = "<group>"; };
		A6A1E19323DA0C3700D39905 /* Assets.xcassets */ = {isa = PBXFileReference; lastKnownFileType = folder.assetcatalog; path = Assets.xcassets; sourceTree = "<group>"; };
		A6A1E19623DA0C3700D39905 /* Preview Assets.xcassets */ = {isa = PBXFileReference; lastKnownFileType = folder.assetcatalog; path = "Preview Assets.xcassets"; sourceTree = "<group>"; };
		A6A1E19923DA0C3700D39905 /* Base */ = {isa = PBXFileReference; lastKnownFileType = file.storyboard; name = Base; path = Base.lproj/LaunchScreen.storyboard; sourceTree = "<group>"; };
		A6A1E19B23DA0C3700D39905 /* Info.plist */ = {isa = PBXFileReference; lastKnownFileType = text.plist.xml; path = Info.plist; sourceTree = "<group>"; };
		A6A1E1A023DA0C3800D39905 /* In Class HWTests.xctest */ = {isa = PBXFileReference; explicitFileType = wrapper.cfbundle; includeInIndex = 0; path = "In Class HWTests.xctest"; sourceTree = BUILT_PRODUCTS_DIR; };
		A6A1E1A423DA0C3800D39905 /* In_Class_HWTests.swift */ = {isa = PBXFileReference; lastKnownFileType = sourcecode.swift; path = In_Class_HWTests.swift; sourceTree = "<group>"; };
		A6A1E1A623DA0C3800D39905 /* Info.plist */ = {isa = PBXFileReference; lastKnownFileType = text.plist.xml; path = Info.plist; sourceTree = "<group>"; };
		A6A1E1AB23DA0C3800D39905 /* In Class HWUITests.xctest */ = {isa = PBXFileReference; explicitFileType = wrapper.cfbundle; includeInIndex = 0; path = "In Class HWUITests.xctest"; sourceTree = BUILT_PRODUCTS_DIR; };
		A6A1E1AF23DA0C3800D39905 /* In_Class_HWUITests.swift */ = {isa = PBXFileReference; lastKnownFileType = sourcecode.swift; path = In_Class_HWUITests.swift; sourceTree = "<group>"; };
		A6A1E1B123DA0C3800D39905 /* Info.plist */ = {isa = PBXFileReference; lastKnownFileType = text.plist.xml; path = Info.plist; sourceTree = "<group>"; };
/* End PBXFileReference section */

/* Begin PBXFrameworksBuildPhase section */
		A6A1E18723DA0C3600D39905 /* Frameworks */ = {
			isa = PBXFrameworksBuildPhase;
			buildActionMask = 2147483647;
			files = (
			);
			runOnlyForDeploymentPostprocessing = 0;
		};
		A6A1E19D23DA0C3800D39905 /* Frameworks */ = {
			isa = PBXFrameworksBuildPhase;
			buildActionMask = 2147483647;
			files = (
			);
			runOnlyForDeploymentPostprocessing = 0;
		};
		A6A1E1A823DA0C3800D39905 /* Frameworks */ = {
			isa = PBXFrameworksBuildPhase;
			buildActionMask = 2147483647;
			files = (
			);
			runOnlyForDeploymentPostprocessing = 0;
		};
/* End PBXFrameworksBuildPhase section */

/* Begin PBXGroup section */
		A6A1E18123DA0C3500D39905 = {
			isa = PBXGroup;
			children = (
				A6A1E18C23DA0C3600D39905 /* In Class HW */,
				A6A1E1A323DA0C3800D39905 /* In Class HWTests */,
				A6A1E1AE23DA0C3800D39905 /* In Class HWUITests */,
				A6A1E18B23DA0C3600D39905 /* Products */,
			);
			sourceTree = "<group>";
		};
		A6A1E18B23DA0C3600D39905 /* Products */ = {
			isa = PBXGroup;
			children = (
				A6A1E18A23DA0C3600D39905 /* In Class HW.app */,
				A6A1E1A023DA0C3800D39905 /* In Class HWTests.xctest */,
				A6A1E1AB23DA0C3800D39905 /* In Class HWUITests.xctest */,
			);
			name = Products;
			sourceTree = "<group>";
		};
		A6A1E18C23DA0C3600D39905 /* In Class HW */ = {
			isa = PBXGroup;
			children = (
				A6A1E18D23DA0C3600D39905 /* AppDelegate.swift */,
				A6A1E18F23DA0C3600D39905 /* SceneDelegate.swift */,
				A6A1E19123DA0C3600D39905 /* ContentView.swift */,
				A6A1E19323DA0C3700D39905 /* Assets.xcassets */,
				A6A1E19823DA0C3700D39905 /* LaunchScreen.storyboard */,
				A6A1E19B23DA0C3700D39905 /* Info.plist */,
				A6A1E19523DA0C3700D39905 /* Preview Content */,
			);
			path = "In Class HW";
			sourceTree = "<group>";
		};
		A6A1E19523DA0C3700D39905 /* Preview Content */ = {
			isa = PBXGroup;
			children = (
				A6A1E19623DA0C3700D39905 /* Preview Assets.xcassets */,
			);
			path = "Preview Content";
			sourceTree = "<group>";
		};
		A6A1E1A323DA0C3800D39905 /* In Class HWTests */ = {
			isa = PBXGroup;
			children = (
				A6A1E1A423DA0C3800D39905 /* In_Class_HWTests.swift */,
				A6A1E1A623DA0C3800D39905 /* Info.plist */,
			);
			path = "In Class HWTests";
			sourceTree = "<group>";
		};
		A6A1E1AE23DA0C3800D39905 /* In Class HWUITests */ = {
			isa = PBXGroup;
			children = (
				A6A1E1AF23DA0C3800D39905 /* In_Class_HWUITests.swift */,
				A6A1E1B123DA0C3800D39905 /* Info.plist */,
			);
			path = "In Class HWUITests";
			sourceTree = "<group>";
		};
/* End PBXGroup section */

/* Begin PBXNativeTarget section */
		A6A1E18923DA0C3600D39905 /* In Class HW */ = {
			isa = PBXNativeTarget;
			buildConfigurationList = A6A1E1B423DA0C3800D39905 /* Build configuration list for PBXNativeTarget "In Class HW" */;
			buildPhases = (
				A6A1E18623DA0C3600D39905 /* Sources */,
				A6A1E18723DA0C3600D39905 /* Frameworks */,
				A6A1E18823DA0C3600D39905 /* Resources */,
			);
			buildRules = (
			);
			dependencies = (
			);
			name = "In Class HW";
			productName = "In Class HW";
			productReference = A6A1E18A23DA0C3600D39905 /* In Class HW.app */;
			productType = "com.apple.product-type.application";
		};
		A6A1E19F23DA0C3800D39905 /* In Class HWTests */ = {
			isa = PBXNativeTarget;
			buildConfigurationList = A6A1E1B723DA0C3800D39905 /* Build configuration list for PBXNativeTarget "In Class HWTests" */;
			buildPhases = (
				A6A1E19C23DA0C3800D39905 /* Sources */,
				A6A1E19D23DA0C3800D39905 /* Frameworks */,
				A6A1E19E23DA0C3800D39905 /* Resources */,
			);
			buildRules = (
			);
			dependencies = (
				A6A1E1A223DA0C3800D39905 /* PBXTargetDependency */,
			);
			name = "In Class HWTests";
			productName = "In Class HWTests";
			productReference = A6A1E1A023DA0C3800D39905 /* In Class HWTests.xctest */;
			productType = "com.apple.product-type.bundle.unit-test";
		};
		A6A1E1AA23DA0C3800D39905 /* In Class HWUITests */ = {
			isa = PBXNativeTarget;
			buildConfigurationList = A6A1E1BA23DA0C3800D39905 /* Build configuration list for PBXNativeTarget "In Class HWUITests" */;
			buildPhases = (
				A6A1E1A723DA0C3800D39905 /* Sources */,
				A6A1E1A823DA0C3800D39905 /* Frameworks */,
				A6A1E1A923DA0C3800D39905 /* Resources */,
			);
			buildRules = (
			);
			dependencies = (
				A6A1E1AD23DA0C3800D39905 /* PBXTargetDependency */,
			);
			name = "In Class HWUITests";
			productName = "In Class HWUITests";
			productReference = A6A1E1AB23DA0C3800D39905 /* In Class HWUITests.xctest */;
			productType = "com.apple.product-type.bundle.ui-testing";
		};
/* End PBXNativeTarget section */

/* Begin PBXProject section */
		A6A1E18223DA0C3500D39905 /* Project object */ = {
			isa = PBXProject;
			attributes = {
				LastSwiftUpdateCheck = 1130;
				LastUpgradeCheck = 1130;
				ORGANIZATIONNAME = "Bandon Kline";
				TargetAttributes = {
					A6A1E18923DA0C3600D39905 = {
						CreatedOnToolsVersion = 11.3.1;
					};
					A6A1E19F23DA0C3800D39905 = {
						CreatedOnToolsVersion = 11.3.1;
						TestTargetID = A6A1E18923DA0C3600D39905;
					};
					A6A1E1AA23DA0C3800D39905 = {
						CreatedOnToolsVersion = 11.3.1;
						TestTargetID = A6A1E18923DA0C3600D39905;
					};
				};
			};
			buildConfigurationList = A6A1E18523DA0C3500D39905 /* Build configuration list for PBXProject "In Class HW" */;
			compatibilityVersion = "Xcode 9.3";
			developmentRegion = en;
			hasScannedForEncodings = 0;
			knownRegions = (
				en,
				Base,
			);
			mainGroup = A6A1E18123DA0C3500D39905;
			productRefGroup = A6A1E18B23DA0C3600D39905 /* Products */;
			projectDirPath = "";
			projectRoot = "";
			targets = (
				A6A1E18923DA0C3600D39905 /* In Class HW */,
				A6A1E19F23DA0C3800D39905 /* In Class HWTests */,
				A6A1E1AA23DA0C3800D39905 /* In Class HWUITests */,
			);
		};
/* End PBXProject section */

/* Begin PBXResourcesBuildPhase section */
		A6A1E18823DA0C3600D39905 /* Resources */ = {
			isa = PBXResourcesBuildPhase;
			buildActionMask = 2147483647;
			files = (
				A6A1E19A23DA0C3700D39905 /* LaunchScreen.storyboard in Resources */,
				A6A1E19723DA0C3700D39905 /* Preview Assets.xcassets in Resources */,
				A6A1E19423DA0C3700D39905 /* Assets.xcassets in Resources */,
			);
			runOnlyForDeploymentPostprocessing = 0;
		};
		A6A1E19E23DA0C3800D39905 /* Resources */ = {
			isa = PBXResourcesBuildPhase;
			buildActionMask = 2147483647;
			files = (
			);
			runOnlyForDeploymentPostprocessing = 0;
		};
		A6A1E1A923DA0C3800D39905 /* Resources */ = {
			isa = PBXResourcesBuildPhase;
			buildActionMask = 2147483647;
			files = (
			);
			runOnlyForDeploymentPostprocessing = 0;
		};
/* End PBXResourcesBuildPhase section */

/* Begin PBXSourcesBuildPhase section */
		A6A1E18623DA0C3600D39905 /* Sources */ = {
			isa = PBXSourcesBuildPhase;
			buildActionMask = 2147483647;
			files = (
				A6A1E18E23DA0C3600D39905 /* AppDelegate.swift in Sources */,
				A6A1E19023DA0C3600D39905 /* SceneDelegate.swift in Sources */,
				A6A1E19223DA0C3600D39905 /* ContentView.swift in Sources */,
			);
			runOnlyForDeploymentPostprocessing = 0;
		};
		A6A1E19C23DA0C3800D39905 /* Sources */ = {
			isa = PBXSourcesBuildPhase;
			buildActionMask = 2147483647;
			files = (
				A6A1E1A523DA0C3800D39905 /* In_Class_HWTests.swift in Sources */,
			);
			runOnlyForDeploymentPostprocessing = 0;
		};
		A6A1E1A723DA0C3800D39905 /* Sources */ = {
			isa = PBXSourcesBuildPhase;
			buildActionMask = 2147483647;
			files = (
				A6A1E1B023DA0C3800D39905 /* In_Class_HWUITests.swift in Sources */,
			);
			runOnlyForDeploymentPostprocessing = 0;
		};
/* End PBXSourcesBuildPhase section */

/* Begin PBXTargetDependency section */
		A6A1E1A223DA0C3800D39905 /* PBXTargetDependency */ = {
			isa = PBXTargetDependency;
			target = A6A1E18923DA0C3600D39905 /* In Class HW */;
			targetProxy = A6A1E1A123DA0C3800D39905 /* PBXContainerItemProxy */;
		};
		A6A1E1AD23DA0C3800D39905 /* PBXTargetDependency */ = {
			isa = PBXTargetDependency;
			target = A6A1E18923DA0C3600D39905 /* In Class HW */;
			targetProxy = A6A1E1AC23DA0C3800D39905 /* PBXContainerItemProxy */;
		};
/* End PBXTargetDependency section */

/* Begin PBXVariantGroup section */
		A6A1E19823DA0C3700D39905 /* LaunchScreen.storyboard */ = {
			isa = PBXVariantGroup;
			children = (
				A6A1E19923DA0C3700D39905 /* Base */,
			);
			name = LaunchScreen.storyboard;
			sourceTree = "<group>";
		};
/* End PBXVariantGroup section */

/* Begin XCBuildConfiguration section */
		A6A1E1B223DA0C3800D39905 /* Debug */ = {
			isa = XCBuildConfiguration;
			buildSettings = {
				ALWAYS_SEARCH_USER_PATHS = NO;
				CLANG_ANALYZER_NONNULL = YES;
				CLANG_ANALYZER_NUMBER_OBJECT_CONVERSION = YES_AGGRESSIVE;
				CLANG_CXX_LANGUAGE_STANDARD = "gnu++14";
				CLANG_CXX_LIBRARY = "libc++";
				CLANG_ENABLE_MODULES = YES;
				CLANG_ENABLE_OBJC_ARC = YES;
				CLANG_ENABLE_OBJC_WEAK = YES;
				CLANG_WARN_BLOCK_CAPTURE_AUTORELEASING = YES;
				CLANG_WARN_BOOL_CONVERSION = YES;
				CLANG_WARN_COMMA = YES;
				CLANG_WARN_CONSTANT_CONVERSION = YES;
				CLANG_WARN_DEPRECATED_OBJC_IMPLEMENTATIONS = YES;
				CLANG_WARN_DIRECT_OBJC_ISA_USAGE = YES_ERROR;
				CLANG_WARN_DOCUMENTATION_COMMENTS = YES;
				CLANG_WARN_EMPTY_BODY = YES;
				CLANG_WARN_ENUM_CONVERSION = YES;
				CLANG_WARN_INFINITE_RECURSION = YES;
				CLANG_WARN_INT_CONVERSION = YES;
				CLANG_WARN_NON_LITERAL_NULL_CONVERSION = YES;
				CLANG_WARN_OBJC_IMPLICIT_RETAIN_SELF = YES;
				CLANG_WARN_OBJC_LITERAL_CONVERSION = YES;
				CLANG_WARN_OBJC_ROOT_CLASS = YES_ERROR;
				CLANG_WARN_RANGE_LOOP_ANALYSIS = YES;
				CLANG_WARN_STRICT_PROTOTYPES = YES;
				CLANG_WARN_SUSPICIOUS_MOVE = YES;
				CLANG_WARN_UNGUARDED_AVAILABILITY = YES_AGGRESSIVE;
				CLANG_WARN_UNREACHABLE_CODE = YES;
				CLANG_WARN__DUPLICATE_METHOD_MATCH = YES;
				COPY_PHASE_STRIP = NO;
				DEBUG_INFORMATION_FORMAT = dwarf;
				ENABLE_STRICT_OBJC_MSGSEND = YES;
				ENABLE_TESTABILITY = YES;
				GCC_C_LANGUAGE_STANDARD = gnu11;
				GCC_DYNAMIC_NO_PIC = NO;
				GCC_NO_COMMON_BLOCKS = YES;
				GCC_OPTIMIZATION_LEVEL = 0;
				GCC_PREPROCESSOR_DEFINITIONS = (
					"DEBUG=1",
					"$(inherited)",
				);
				GCC_WARN_64_TO_32_BIT_CONVERSION = YES;
				GCC_WARN_ABOUT_RETURN_TYPE = YES_ERROR;
				GCC_WARN_UNDECLARED_SELECTOR = YES;
				GCC_WARN_UNINITIALIZED_AUTOS = YES_AGGRESSIVE;
				GCC_WARN_UNUSED_FUNCTION = YES;
				GCC_WARN_UNUSED_VARIABLE = YES;
				IPHONEOS_DEPLOYMENT_TARGET = 13.2;
				MTL_ENABLE_DEBUG_INFO = INCLUDE_SOURCE;
				MTL_FAST_MATH = YES;
				ONLY_ACTIVE_ARCH = YES;
				SDKROOT = iphoneos;
				SWIFT_ACTIVE_COMPILATION_CONDITIONS = DEBUG;
				SWIFT_OPTIMIZATION_LEVEL = "-Onone";
			};
			name = Debug;
		};
		A6A1E1B323DA0C3800D39905 /* Release */ = {
			isa = XCBuildConfiguration;
			buildSettings = {
				ALWAYS_SEARCH_USER_PATHS = NO;
				CLANG_ANALYZER_NONNULL = YES;
				CLANG_ANALYZER_NUMBER_OBJECT_CONVERSION = YES_AGGRESSIVE;
				CLANG_CXX_LANGUAGE_STANDARD = "gnu++14";
				CLANG_CXX_LIBRARY = "libc++";
				CLANG_ENABLE_MODULES = YES;
				CLANG_ENABLE_OBJC_ARC = YES;
				CLANG_ENABLE_OBJC_WEAK = YES;
				CLANG_WARN_BLOCK_CAPTURE_AUTORELEASING = YES;
				CLANG_WARN_BOOL_CONVERSION = YES;
				CLANG_WARN_COMMA = YES;
				CLANG_WARN_CONSTANT_CONVERSION = YES;
				CLANG_WARN_DEPRECATED_OBJC_IMPLEMENTATIONS = YES;
				CLANG_WARN_DIRECT_OBJC_ISA_USAGE = YES_ERROR;
				CLANG_WARN_DOCUMENTATION_COMMENTS = YES;
				CLANG_WARN_EMPTY_BODY = YES;
				CLANG_WARN_ENUM_CONVERSION = YES;
				CLANG_WARN_INFINITE_RECURSION = YES;
				CLANG_WARN_INT_CONVERSION = YES;
				CLANG_WARN_NON_LITERAL_NULL_CONVERSION = YES;
				CLANG_WARN_OBJC_IMPLICIT_RETAIN_SELF = YES;
				CLANG_WARN_OBJC_LITERAL_CONVERSION = YES;
				CLANG_WARN_OBJC_ROOT_CLASS = YES_ERROR;
				CLANG_WARN_RANGE_LOOP_ANALYSIS = YES;
				CLANG_WARN_STRICT_PROTOTYPES = YES;
				CLANG_WARN_SUSPICIOUS_MOVE = YES;
				CLANG_WARN_UNGUARDED_AVAILABILITY = YES_AGGRESSIVE;
				CLANG_WARN_UNREACHABLE_CODE = YES;
				CLANG_WARN__DUPLICATE_METHOD_MATCH = YES;
				COPY_PHASE_STRIP = NO;
				DEBUG_INFORMATION_FORMAT = "dwarf-with-dsym";
				ENABLE_NS_ASSERTIONS = NO;
				ENABLE_STRICT_OBJC_MSGSEND = YES;
				GCC_C_LANGUAGE_STANDARD = gnu11;
				GCC_NO_COMMON_BLOCKS = YES;
				GCC_WARN_64_TO_32_BIT_CONVERSION = YES;
				GCC_WARN_ABOUT_RETURN_TYPE = YES_ERROR;
				GCC_WARN_UNDECLARED_SELECTOR = YES;
				GCC_WARN_UNINITIALIZED_AUTOS = YES_AGGRESSIVE;
				GCC_WARN_UNUSED_FUNCTION = YES;
				GCC_WARN_UNUSED_VARIABLE = YES;
				IPHONEOS_DEPLOYMENT_TARGET = 13.2;
				MTL_ENABLE_DEBUG_INFO = NO;
				MTL_FAST_MATH = YES;
				SDKROOT = iphoneos;
				SWIFT_COMPILATION_MODE = wholemodule;
				SWIFT_OPTIMIZATION_LEVEL = "-O";
				VALIDATE_PRODUCT = YES;
			};
			name = Release;
		};
		A6A1E1B523DA0C3800D39905 /* Debug */ = {
			isa = XCBuildConfiguration;
			buildSettings = {
				ASSETCATALOG_COMPILER_APPICON_NAME = AppIcon;
				CODE_SIGN_STYLE = Automatic;
				DEVELOPMENT_ASSET_PATHS = "\"In Class HW/Preview Content\"";
				DEVELOPMENT_TEAM = 94WUSM4X62;
				ENABLE_PREVIEWS = YES;
				INFOPLIST_FILE = "In Class HW/Info.plist";
				LD_RUNPATH_SEARCH_PATHS = (
					"$(inherited)",
					"@executable_path/Frameworks",
				);
				PRODUCT_BUNDLE_IDENTIFIER = "BrandonKline.In-Class-HW";
				PRODUCT_NAME = "$(TARGET_NAME)";
				SWIFT_VERSION = 5.0;
				TARGETED_DEVICE_FAMILY = "1,2";
			};
			name = Debug;
		};
		A6A1E1B623DA0C3800D39905 /* Release */ = {
			isa = XCBuildConfiguration;
			buildSettings = {
				ASSETCATALOG_COMPILER_APPICON_NAME = AppIcon;
				CODE_SIGN_STYLE = Automatic;
				DEVELOPMENT_ASSET_PATHS = "\"In Class HW/Preview Content\"";
				DEVELOPMENT_TEAM = 94WUSM4X62;
				ENABLE_PREVIEWS = YES;
				INFOPLIST_FILE = "In Class HW/Info.plist";
				LD_RUNPATH_SEARCH_PATHS = (
					"$(inherited)",
					"@executable_path/Frameworks",
				);
				PRODUCT_BUNDLE_IDENTIFIER = "BrandonKline.In-Class-HW";
				PRODUCT_NAME = "$(TARGET_NAME)";
				SWIFT_VERSION = 5.0;
				TARGETED_DEVICE_FAMILY = "1,2";
			};
			name = Release;
		};
		A6A1E1B823DA0C3800D39905 /* Debug */ = {
			isa = XCBuildConfiguration;
			buildSettings = {
				ALWAYS_EMBED_SWIFT_STANDARD_LIBRARIES = YES;
				BUNDLE_LOADER = "$(TEST_HOST)";
				CODE_SIGN_STYLE = Automatic;
				DEVELOPMENT_TEAM = 94WUSM4X62;
				INFOPLIST_FILE = "In Class HWTests/Info.plist";
				IPHONEOS_DEPLOYMENT_TARGET = 13.2;
				LD_RUNPATH_SEARCH_PATHS = (
					"$(inherited)",
					"@executable_path/Frameworks",
					"@loader_path/Frameworks",
				);
				PRODUCT_BUNDLE_IDENTIFIER = "BrandonKline.In-Class-HWTests";
				PRODUCT_NAME = "$(TARGET_NAME)";
				SWIFT_VERSION = 5.0;
				TARGETED_DEVICE_FAMILY = "1,2";
				TEST_HOST = "$(BUILT_PRODUCTS_DIR)/In Class HW.app/In Class HW";
			};
			name = Debug;
		};
		A6A1E1B923DA0C3800D39905 /* Release */ = {
			isa = XCBuildConfiguration;
			buildSettings = {
				ALWAYS_EMBED_SWIFT_STANDARD_LIBRARIES = YES;
				BUNDLE_LOADER = "$(TEST_HOST)";
				CODE_SIGN_STYLE = Automatic;
				DEVELOPMENT_TEAM = 94WUSM4X62;
				INFOPLIST_FILE = "In Class HWTests/Info.plist";
				IPHONEOS_DEPLOYMENT_TARGET = 13.2;
				LD_RUNPATH_SEARCH_PATHS = (
					"$(inherited)",
					"@executable_path/Frameworks",
					"@loader_path/Frameworks",
				);
				PRODUCT_BUNDLE_IDENTIFIER = "BrandonKline.In-Class-HWTests";
				PRODUCT_NAME = "$(TARGET_NAME)";
				SWIFT_VERSION = 5.0;
				TARGETED_DEVICE_FAMILY = "1,2";
				TEST_HOST = "$(BUILT_PRODUCTS_DIR)/In Class HW.app/In Class HW";
			};
			name = Release;
		};
		A6A1E1BB23DA0C3800D39905 /* Debug */ = {
			isa = XCBuildConfiguration;
			buildSettings = {
				ALWAYS_EMBED_SWIFT_STANDARD_LIBRARIES = YES;
				CODE_SIGN_STYLE = Automatic;
				DEVELOPMENT_TEAM = 94WUSM4X62;
				INFOPLIST_FILE = "In Class HWUITests/Info.plist";
				LD_RUNPATH_SEARCH_PATHS = (
					"$(inherited)",
					"@executable_path/Frameworks",
					"@loader_path/Frameworks",
				);
				PRODUCT_BUNDLE_IDENTIFIER = "BrandonKline.In-Class-HWUITests";
				PRODUCT_NAME = "$(TARGET_NAME)";
				SWIFT_VERSION = 5.0;
				TARGETED_DEVICE_FAMILY = "1,2";
				TEST_TARGET_NAME = "In Class HW";
			};
			name = Debug;
		};
		A6A1E1BC23DA0C3800D39905 /* Release */ = {
			isa = XCBuildConfiguration;
			buildSettings = {
				ALWAYS_EMBED_SWIFT_STANDARD_LIBRARIES = YES;
				CODE_SIGN_STYLE = Automatic;
				DEVELOPMENT_TEAM = 94WUSM4X62;
				INFOPLIST_FILE = "In Class HWUITests/Info.plist";
				LD_RUNPATH_SEARCH_PATHS = (
					"$(inherited)",
					"@executable_path/Frameworks",
					"@loader_path/Frameworks",
				);
				PRODUCT_BUNDLE_IDENTIFIER = "BrandonKline.In-Class-HWUITests";
				PRODUCT_NAME = "$(TARGET_NAME)";
				SWIFT_VERSION = 5.0;
				TARGETED_DEVICE_FAMILY = "1,2";
				TEST_TARGET_NAME = "In Class HW";
			};
			name = Release;
		};
/* End XCBuildConfiguration section */

/* Begin XCConfigurationList section */
		A6A1E18523DA0C3500D39905 /* Build configuration list for PBXProject "In Class HW" */ = {
			isa = XCConfigurationList;
			buildConfigurations = (
				A6A1E1B223DA0C3800D39905 /* Debug */,
				A6A1E1B323DA0C3800D39905 /* Release */,
			);
			defaultConfigurationIsVisible = 0;
			defaultConfigurationName = Release;
		};
		A6A1E1B423DA0C3800D39905 /* Build configuration list for PBXNativeTarget "In Class HW" */ = {
			isa = XCConfigurationList;
			buildConfigurations = (
				A6A1E1B523DA0C3800D39905 /* Debug */,
				A6A1E1B623DA0C3800D39905 /* Release */,
			);
			defaultConfigurationIsVisible = 0;
			defaultConfigurationName = Release;
		};
		A6A1E1B723DA0C3800D39905 /* Build configuration list for PBXNativeTarget "In Class HWTests" */ = {
			isa = XCConfigurationList;
			buildConfigurations = (
				A6A1E1B823DA0C3800D39905 /* Debug */,
				A6A1E1B923DA0C3800D39905 /* Release */,
			);
			defaultConfigurationIsVisible = 0;
			defaultConfigurationName = Release;
		};
		A6A1E1BA23DA0C3800D39905 /* Build configuration list for PBXNativeTarget "In Class HWUITests" */ = {
			isa = XCConfigurationList;
			buildConfigurations = (
				A6A1E1BB23DA0C3800D39905 /* Debug */,
				A6A1E1BC23DA0C3800D39905 /* Release */,
			);
			defaultConfigurationIsVisible = 0;
			defaultConfigurationName = Release;
		};
/* End XCConfigurationList section */
	};
	rootObject = A6A1E18223DA0C3500D39905 /* Project object */;
}
